
Microsoft Visual Studio Solution File, Format Version 12.00
# Visual Studio Version 17
VisualStudioVersion = 17.1.32421.90
MinimumVisualStudioVersion = 10.0.40219.1
Project("{9A19103F-16F7-4668-BE54-9A1E7A4F7556}") = "PopnScoreTool2", "PopnScoreTool2\PopnScoreTool2.csproj", "{23182480-286E-4157-B3CA-C1E3FA68A08A}"
EndProject
Project("{E53339B2-1760-4266-BCC7-CA923CBCF16C}") = "docker-compose", "docker-compose.dcproj", "{4F33BFED-AE01-4C6F-A747-29443BACCDB0}"
EndProject
Project("{2150E333-8FDC-42A3-9474-1A3956D46DE8}") = "Solution Items", "Solution Items", "{694AFCD7-5CC7-4143-85CB-53C1C760C005}"
	ProjectSection(SolutionItems) = preProject
		README.Development.md = README.Development.md
		README.md = README.md
		README.Production.md = README.Production.md
		workspace.code-workspace = workspace.code-workspace
	EndProjectSection
EndProject
Project("{2150E333-8FDC-42A3-9474-1A3956D46DE8}") = "Database", "Database", "{04A09C22-DFF4-4D6F-96EB-87D9C966E695}"
	ProjectSection(SolutionItems) = preProject
		Database\db-init.sh = Database\db-init.sh
		Database\db-init.sql = Database\db-init.sql
		Database\docker-compose.yml = Database\docker-compose.yml
		Database\Dockerfile = Database\Dockerfile
		Database\entrypoint.sh = Database\entrypoint.sh
		Database\README-makeCluster.md = Database\README-makeCluster.md
		Database\README-start-session.md = Database\README-start-session.md
		Database\README.md = Database\README.md
	EndProjectSection
EndProject
Project("{2150E333-8FDC-42A3-9474-1A3956D46DE8}") = "doc", "doc", "{55964116-4777-4467-A107-3E27515B461D}"
	ProjectSection(SolutionItems) = preProject
		Database\doc\release.md = Database\doc\release.md
	EndProjectSection
EndProject
Global
	GlobalSection(SolutionConfigurationPlatforms) = preSolution
		Debug|Any CPU = Debug|Any CPU
		Release|Any CPU = Release|Any CPU
	EndGlobalSection
	GlobalSection(ProjectConfigurationPlatforms) = postSolution
		{23182480-286E-4157-B3CA-C1E3FA68A08A}.Debug|Any CPU.ActiveCfg = Debug|Any CPU
		{23182480-286E-4157-B3CA-C1E3FA68A08A}.Debug|Any CPU.Build.0 = Debug|Any CPU
		{23182480-286E-4157-B3CA-C1E3FA68A08A}.Release|Any CPU.ActiveCfg = Release|Any CPU
		{23182480-286E-4157-B3CA-C1E3FA68A08A}.Release|Any CPU.Build.0 = Release|Any CPU
		{4F33BFED-AE01-4C6F-A747-29443BACCDB0}.Debug|Any CPU.ActiveCfg = Debug|Any CPU
		{4F33BFED-AE01-4C6F-A747-29443BACCDB0}.Debug|Any CPU.Build.0 = Debug|Any CPU
		{4F33BFED-AE01-4C6F-A747-29443BACCDB0}.Release|Any CPU.ActiveCfg = Release|Any CPU
		{4F33BFED-AE01-4C6F-A747-29443BACCDB0}.Release|Any CPU.Build.0 = Release|Any CPU
	EndGlobalSection
	GlobalSection(SolutionProperties) = preSolution
		HideSolutionNode = FALSE
	EndGlobalSection
	GlobalSection(NestedProjects) = preSolution
		{55964116-4777-4467-A107-3E27515B461D} = {04A09C22-DFF4-4D6F-96EB-87D9C966E695}
	EndGlobalSection
	GlobalSection(ExtensibilityGlobals) = postSolution
		SolutionGuid = {04349F41-8618-4165-9044-C1A1B2A398AA}
	EndGlobalSection
EndGlobal
